
Microsoft Visual Studio Solution File, Format Version 12.00
# Visual Studio 15
Project("{FAE04EC0-301F-11D3-BF4B-00C04F79EFBC}") = "Assembly-CSharp", "Assembly-CSharp.csproj", "{23AF56C0-AA92-57FE-6639-A691DFA6A743}"
EndProject
Project("{FAE04EC0-301F-11D3-BF4B-00C04F79EFBC}") = "Assembly-CSharp-Editor", "Assembly-CSharp-Editor.csproj", "{A6F9C07B-1A45-4037-8341-4E9B4C461677}"
EndProject
Global
	GlobalSection(SolutionConfigurationPlatforms) = preSolution
		Debug|Any CPU = Debug|Any CPU
		Release|Any CPU = Release|Any CPU
	EndGlobalSection
	GlobalSection(ProjectConfigurationPlatforms) = postSolution
		{23AF56C0-AA92-57FE-6639-A691DFA6A743}.Debug|Any CPU.ActiveCfg = Debug|Any CPU
		{23AF56C0-AA92-57FE-6639-A691DFA6A743}.Debug|Any CPU.Build.0 = Debug|Any CPU
		{23AF56C0-AA92-57FE-6639-A691DFA6A743}.Release|Any CPU.ActiveCfg = Release|Any CPU
		{23AF56C0-AA92-57FE-6639-A691DFA6A743}.Release|Any CPU.Build.0 = Release|Any CPU
		{A6F9C07B-1A45-4037-8341-4E9B4C461677}.Debug|Any CPU.ActiveCfg = Debug|Any CPU
		{A6F9C07B-1A45-4037-8341-4E9B4C461677}.Debug|Any CPU.Build.0 = Debug|Any CPU
		{A6F9C07B-1A45-4037-8341-4E9B4C461677}.Release|Any CPU.ActiveCfg = Release|Any CPU
		{A6F9C07B-1A45-4037-8341-4E9B4C461677}.Release|Any CPU.Build.0 = Release|Any CPU
	EndGlobalSection
	GlobalSection(SolutionProperties) = preSolution
		HideSolutionNode = FALSE
	EndGlobalSection
EndGlobal
